
Microsoft Visual Studio Solution File, Format Version 12.00
# Visual Studio Version 18
VisualStudioVersion = 18.0.11222.15
MinimumVisualStudioVersion = 10.0.40219.1
Project("{9A19103F-16F7-4668-BE54-9A1E7A4F7556}") = "Dima.Core", "Dima.Core\Dima.Core.csproj", "{ECCBF43F-53F5-42EB-83DC-F473E8A8B676}"
EndProject
Project("{FAE04EC0-301F-11D3-BF4B-00C04F79EFBC}") = "Dima.Api", "Dima.Api\Dima.Api.csproj", "{4031E21B-51DE-4018-B702-58978125535C}"
EndProject
Project("{FAE04EC0-301F-11D3-BF4B-00C04F79EFBC}") = "Dima.Web", "Dima.Web\Dima.Web.csproj", "{280F5C02-83CC-49DA-BF31-CFD7372332F4}"
EndProject
Global
	GlobalSection(SolutionConfigurationPlatforms) = preSolution
		Debug|Any CPU = Debug|Any CPU
		Release|Any CPU = Release|Any CPU
	EndGlobalSection
	GlobalSection(ProjectConfigurationPlatforms) = postSolution
		{ECCBF43F-53F5-42EB-83DC-F473E8A8B676}.Debug|Any CPU.ActiveCfg = Debug|Any CPU
		{ECCBF43F-53F5-42EB-83DC-F473E8A8B676}.Debug|Any CPU.Build.0 = Debug|Any CPU
		{ECCBF43F-53F5-42EB-83DC-F473E8A8B676}.Release|Any CPU.ActiveCfg = Release|Any CPU
		{ECCBF43F-53F5-42EB-83DC-F473E8A8B676}.Release|Any CPU.Build.0 = Release|Any CPU
		{4031E21B-51DE-4018-B702-58978125535C}.Debug|Any CPU.ActiveCfg = Debug|Any CPU
		{4031E21B-51DE-4018-B702-58978125535C}.Debug|Any CPU.Build.0 = Debug|Any CPU
		{4031E21B-51DE-4018-B702-58978125535C}.Release|Any CPU.ActiveCfg = Release|Any CPU
		{4031E21B-51DE-4018-B702-58978125535C}.Release|Any CPU.Build.0 = Release|Any CPU
		{280F5C02-83CC-49DA-BF31-CFD7372332F4}.Debug|Any CPU.ActiveCfg = Debug|Any CPU
		{280F5C02-83CC-49DA-BF31-CFD7372332F4}.Debug|Any CPU.Build.0 = Debug|Any CPU
		{280F5C02-83CC-49DA-BF31-CFD7372332F4}.Release|Any CPU.ActiveCfg = Release|Any CPU
		{280F5C02-83CC-49DA-BF31-CFD7372332F4}.Release|Any CPU.Build.0 = Release|Any CPU
	EndGlobalSection
	GlobalSection(SolutionProperties) = preSolution
		HideSolutionNode = FALSE
	EndGlobalSection
	GlobalSection(ExtensibilityGlobals) = postSolution
		SolutionGuid = {6F36B3F0-88B7-497B-BFE7-B50D917C3FC6}
	EndGlobalSection
EndGlobal
